{
  "nodes": {
    "base16": {
      "inputs": {
        "fromYaml": "fromYaml"
      },
      "locked": {
        "lastModified": 1732200724,
        "narHash": "sha256-+R1BH5wHhfnycySb7Sy5KbYEaTJZWm1h+LW1OtyhiTs=",
        "owner": "SenchoPens",
        "repo": "base16.nix",
        "rev": "153d52373b0fb2d343592871009a286ec8837aec",
        "type": "github"
      },
      "original": {
        "owner": "SenchoPens",
        "repo": "base16.nix",
        "type": "github"
      }
    },
    "fromYaml": {
      "flake": false,
      "locked": {
        "lastModified": 1731966426,
        "narHash": "sha256-lq95WydhbUTWig/JpqiB7oViTcHFP8Lv41IGtayokA8=",
        "owner": "SenchoPens",
        "repo": "fromYaml",
        "rev": "106af9e2f715e2d828df706c386a685698f3223b",
        "type": "github"
      },
      "original": {
        "owner": "SenchoPens",
        "repo": "fromYaml",
        "type": "github"
      }
    },
    "home-manager": {
      "inputs": {
        "nixpkgs": [
          "nixpkgs"
        ]
      },
      "locked": {
        "lastModified": 1741579508,
        "narHash": "sha256-skRbH+UF2ES+msEa+KWi7AQFX73S+QsGlPsyCU6XyE0=",
        "owner": "nix-community",
        "repo": "home-manager",
        "rev": "744f749dd6fbc1489591ea370b95156858629cb9",
        "type": "github"
      },
      "original": {
        "owner": "nix-community",
        "repo": "home-manager",
        "type": "github"
      }
    },
    "nixpkgs": {
      "locked": {
        "lastModified": 1741379970,
        "narHash": "sha256-Wh7esNh7G24qYleLvgOSY/7HlDUzWaL/n4qzlBePpiw=",
        "owner": "nixos",
        "repo": "nixpkgs",
        "rev": "36fd87baa9083f34f7f5027900b62ee6d09b1f2f",
        "type": "github"
      },
      "original": {
        "owner": "nixos",
        "ref": "nixos-unstable",
        "repo": "nixpkgs",
        "type": "github"
      }
    },
    "nixpkgs_2": {
      "locked": {
        "lastModified": 1734424634,
        "narHash": "sha256-cHar1vqHOOyC7f1+tVycPoWTfKIaqkoe1Q6TnKzuti4=",
        "owner": "nixos",
        "repo": "nixpkgs",
        "rev": "d3c42f187194c26d9f0309a8ecc469d6c878ce33",
        "type": "github"
      },
      "original": {
        "owner": "nixos",
        "ref": "nixos-unstable",
        "repo": "nixpkgs",
        "type": "github"
      }
    },
    "root": {
      "inputs": {
        "base16": "base16",
        "home-manager": "home-manager",
        "nixpkgs": "nixpkgs",
        "tt-schemes": "tt-schemes",
        "tuilog": "tuilog"
      }
    },
    "tt-schemes": {
      "flake": false,
      "locked": {
        "lastModified": 1741468895,
        "narHash": "sha256-YKM1RJbL68Yp2vESBqeZQBjTETXo8mCTTzLZyckCfZk=",
        "owner": "tinted-theming",
        "repo": "schemes",
        "rev": "47c8c7726e98069cade5827e5fb2bfee02ce6991",
        "type": "github"
      },
      "original": {
        "owner": "tinted-theming",
        "repo": "schemes",
        "type": "github"
      }
    },
    "tuilog": {
      "inputs": {
        "nixpkgs": "nixpkgs_2"
      },
      "locked": {
        "lastModified": 1741357369,
        "narHash": "sha256-GxoYWqYKGI1X+64wyo1+c1X/IB8jGhe6fDgY8nAE+A8=",
        "owner": "arpitchakladar",
        "repo": "tuilog",
        "rev": "c32c12a8cc3616a55a59cd1e15de1c9eace1dbf0",
        "type": "github"
      },
      "original": {
        "owner": "arpitchakladar",
        "repo": "tuilog",
        "type": "github"
      }
    }
  },
  "root": "root",
  "version": 7
}
